{
  "name": "@solwear/emulator-host",
  "version": "0.1.0",
  "lockfileVersion": 3,
  "requires": true,
  "packages": {
    "": {
      "name": "@solwear/emulator-host",
      "version": "0.1.0",
      "bin": {
        "solwear-emulator": "bin/solwear-emulator.mjs"
      },
      "engines": {
        "node": ">=22"
      }
    }
  }
}
